
Microsoft Visual Studio Solution File, Format Version 12.00
# Visual Studio 15
VisualStudioVersion = 15.0.27703.2035
MinimumVisualStudioVersion = 10.0.40219.1
Project("{FAE04EC0-301F-11D3-BF4B-00C04F79EFBC}") = "MagicSword.Core.Web", "MagicSword.Core.Web\MagicSword.Core.Web.csproj", "{18F2E034-3BF8-4DFE-A586-D47F4F3F1CF5}"
EndProject
Global
	GlobalSection(SolutionConfigurationPlatforms) = preSolution
		Debug|Any CPU = Debug|Any CPU
		Release|Any CPU = Release|Any CPU
	EndGlobalSection
	GlobalSection(ProjectConfigurationPlatforms) = postSolution
		{18F2E034-3BF8-4DFE-A586-D47F4F3F1CF5}.Debug|Any CPU.ActiveCfg = Debug|Any CPU
		{18F2E034-3BF8-4DFE-A586-D47F4F3F1CF5}.Debug|Any CPU.Build.0 = Debug|Any CPU
		{18F2E034-3BF8-4DFE-A586-D47F4F3F1CF5}.Release|Any CPU.ActiveCfg = Release|Any CPU
		{18F2E034-3BF8-4DFE-A586-D47F4F3F1CF5}.Release|Any CPU.Build.0 = Release|Any CPU
	EndGlobalSection
	GlobalSection(SolutionProperties) = preSolution
		HideSolutionNode = FALSE
	EndGlobalSection
	GlobalSection(ExtensibilityGlobals) = postSolution
		SolutionGuid = {3A64F4D1-D7D2-48C2-B78F-0B9D5D8B8E08}
	EndGlobalSection
EndGlobal
