
Microsoft Visual Studio Solution File, Format Version 12.00
# Visual Studio 15
VisualStudioVersion = 15.0.27703.2035
MinimumVisualStudioVersion = 10.0.40219.1
Project("{9A19103F-16F7-4668-BE54-9A1E7A4F7556}") = "MagicSword.Core.Web", "MagicSword.Core.Web\MagicSword.Core.Web.csproj", "{18F2E034-3BF8-4DFE-A586-D47F4F3F1CF5}"
EndProject
Project("{9A19103F-16F7-4668-BE54-9A1E7A4F7556}") = "CardHelper", "CardHelper\CardHelper.csproj", "{9AA855ED-66C0-4CE9-BFC4-CB98D886FD30}"
EndProject
Project("{9A19103F-16F7-4668-BE54-9A1E7A4F7556}") = "MagicSword.Core.Api", "MagicSword.Core.Api\MagicSword.Core.Api.csproj", "{DBAE1C45-9EC7-499B-8B04-8965B6A66EFF}"
EndProject
Project("{9A19103F-16F7-4668-BE54-9A1E7A4F7556}") = "MagicSword.Core.Logic", "MagicSword.Core.Logic\MagicSword.Core.Logic.csproj", "{29A11199-843A-4654-80DA-CD41459A55C6}"
EndProject
Global
	GlobalSection(SolutionConfigurationPlatforms) = preSolution
		Debug|Any CPU = Debug|Any CPU
		Release|Any CPU = Release|Any CPU
	EndGlobalSection
	GlobalSection(ProjectConfigurationPlatforms) = postSolution
		{18F2E034-3BF8-4DFE-A586-D47F4F3F1CF5}.Debug|Any CPU.ActiveCfg = Debug|Any CPU
		{18F2E034-3BF8-4DFE-A586-D47F4F3F1CF5}.Debug|Any CPU.Build.0 = Debug|Any CPU
		{18F2E034-3BF8-4DFE-A586-D47F4F3F1CF5}.Release|Any CPU.ActiveCfg = Release|Any CPU
		{18F2E034-3BF8-4DFE-A586-D47F4F3F1CF5}.Release|Any CPU.Build.0 = Release|Any CPU
		{9AA855ED-66C0-4CE9-BFC4-CB98D886FD30}.Debug|Any CPU.ActiveCfg = Debug|Any CPU
		{9AA855ED-66C0-4CE9-BFC4-CB98D886FD30}.Debug|Any CPU.Build.0 = Debug|Any CPU
		{9AA855ED-66C0-4CE9-BFC4-CB98D886FD30}.Release|Any CPU.ActiveCfg = Release|Any CPU
		{9AA855ED-66C0-4CE9-BFC4-CB98D886FD30}.Release|Any CPU.Build.0 = Release|Any CPU
		{DBAE1C45-9EC7-499B-8B04-8965B6A66EFF}.Debug|Any CPU.ActiveCfg = Debug|Any CPU
		{DBAE1C45-9EC7-499B-8B04-8965B6A66EFF}.Debug|Any CPU.Build.0 = Debug|Any CPU
		{DBAE1C45-9EC7-499B-8B04-8965B6A66EFF}.Release|Any CPU.ActiveCfg = Release|Any CPU
		{DBAE1C45-9EC7-499B-8B04-8965B6A66EFF}.Release|Any CPU.Build.0 = Release|Any CPU
		{29A11199-843A-4654-80DA-CD41459A55C6}.Debug|Any CPU.ActiveCfg = Debug|Any CPU
		{29A11199-843A-4654-80DA-CD41459A55C6}.Debug|Any CPU.Build.0 = Debug|Any CPU
		{29A11199-843A-4654-80DA-CD41459A55C6}.Release|Any CPU.ActiveCfg = Release|Any CPU
		{29A11199-843A-4654-80DA-CD41459A55C6}.Release|Any CPU.Build.0 = Release|Any CPU
	EndGlobalSection
	GlobalSection(SolutionProperties) = preSolution
		HideSolutionNode = FALSE
	EndGlobalSection
	GlobalSection(ExtensibilityGlobals) = postSolution
		SolutionGuid = {3A64F4D1-D7D2-48C2-B78F-0B9D5D8B8E08}
	EndGlobalSection
EndGlobal
